
Microsoft Visual Studio Solution File, Format Version 12.00
# Visual Studio Version 16
VisualStudioVersion = 16.0.30503.244
MinimumVisualStudioVersion = 10.0.40219.1
Project("{FAE04EC0-301F-11D3-BF4B-00C04F79EFBC}") = "Chapter 12 Dziedziczenie", "Chapter 12 Dziedziczenie.csproj", "{2CC753C6-0146-4364-AB42-4EE86104F351}"
EndProject
Global
	GlobalSection(SolutionConfigurationPlatforms) = preSolution
		Debug|Any CPU = Debug|Any CPU
		Release|Any CPU = Release|Any CPU
	EndGlobalSection
	GlobalSection(ProjectConfigurationPlatforms) = postSolution
		{2CC753C6-0146-4364-AB42-4EE86104F351}.Debug|Any CPU.ActiveCfg = Debug|Any CPU
		{2CC753C6-0146-4364-AB42-4EE86104F351}.Debug|Any CPU.Build.0 = Debug|Any CPU
		{2CC753C6-0146-4364-AB42-4EE86104F351}.Release|Any CPU.ActiveCfg = Release|Any CPU
		{2CC753C6-0146-4364-AB42-4EE86104F351}.Release|Any CPU.Build.0 = Release|Any CPU
	EndGlobalSection
	GlobalSection(SolutionProperties) = preSolution
		HideSolutionNode = FALSE
	EndGlobalSection
	GlobalSection(ExtensibilityGlobals) = postSolution
		SolutionGuid = {C7F4CC82-28BD-4675-A8CD-588AD5A79BE9}
	EndGlobalSection
EndGlobal
