
Microsoft Visual Studio Solution File, Format Version 12.00
# Visual Studio Version 16
VisualStudioVersion = 16.0.30621.155
MinimumVisualStudioVersion = 10.0.40219.1
Project("{FAE04EC0-301F-11D3-BF4B-00C04F79EFBC}") = "Chapter 3 Metody i Zakres Zmiennych", "Chapter 3 Metody i Zakres Zmiennych\Chapter 3 Metody i Zakres Zmiennych.csproj", "{CC1AB30E-4262-4879-948C-F8B0103A9391}"
EndProject
Global
	GlobalSection(SolutionConfigurationPlatforms) = preSolution
		Debug|Any CPU = Debug|Any CPU
		Release|Any CPU = Release|Any CPU
	EndGlobalSection
	GlobalSection(ProjectConfigurationPlatforms) = postSolution
		{CC1AB30E-4262-4879-948C-F8B0103A9391}.Debug|Any CPU.ActiveCfg = Debug|Any CPU
		{CC1AB30E-4262-4879-948C-F8B0103A9391}.Debug|Any CPU.Build.0 = Debug|Any CPU
		{CC1AB30E-4262-4879-948C-F8B0103A9391}.Release|Any CPU.ActiveCfg = Release|Any CPU
		{CC1AB30E-4262-4879-948C-F8B0103A9391}.Release|Any CPU.Build.0 = Release|Any CPU
	EndGlobalSection
	GlobalSection(SolutionProperties) = preSolution
		HideSolutionNode = FALSE
	EndGlobalSection
	GlobalSection(ExtensibilityGlobals) = postSolution
		SolutionGuid = {A1B72B77-3DED-4F3D-A0E2-6ACC176D5412}
	EndGlobalSection
EndGlobal
