
Microsoft Visual Studio Solution File, Format Version 12.00
# Visual Studio Version 16
VisualStudioVersion = 16.0.30621.155
MinimumVisualStudioVersion = 10.0.40219.1
Project("{FAE04EC0-301F-11D3-BF4B-00C04F79EFBC}") = "Chapter 4 Instrukcje Wyboru", "Chapter 4 Instrukcje Wyboru\Chapter 4 Instrukcje Wyboru.csproj", "{864A2F56-B76A-4846-A113-EA0461CCB37E}"
EndProject
Global
	GlobalSection(SolutionConfigurationPlatforms) = preSolution
		Debug|Any CPU = Debug|Any CPU
		Release|Any CPU = Release|Any CPU
	EndGlobalSection
	GlobalSection(ProjectConfigurationPlatforms) = postSolution
		{864A2F56-B76A-4846-A113-EA0461CCB37E}.Debug|Any CPU.ActiveCfg = Debug|Any CPU
		{864A2F56-B76A-4846-A113-EA0461CCB37E}.Debug|Any CPU.Build.0 = Debug|Any CPU
		{864A2F56-B76A-4846-A113-EA0461CCB37E}.Release|Any CPU.ActiveCfg = Release|Any CPU
		{864A2F56-B76A-4846-A113-EA0461CCB37E}.Release|Any CPU.Build.0 = Release|Any CPU
	EndGlobalSection
	GlobalSection(SolutionProperties) = preSolution
		HideSolutionNode = FALSE
	EndGlobalSection
	GlobalSection(ExtensibilityGlobals) = postSolution
		SolutionGuid = {38B08620-BA4E-428A-A8EB-EDE75604A361}
	EndGlobalSection
EndGlobal
